
Microsoft Visual Studio Solution File, Format Version 12.00
# Visual Studio 14
VisualStudioVersion = 14.0.24720.0
MinimumVisualStudioVersion = 10.0.40219.1
Project("{FAE04EC0-301F-11D3-BF4B-00C04F79EFBC}") = "ZicoreConnector", "ZicoreConnector.csproj", "{C0B5A170-E453-4F2C-8532-E0BEF831E586}"
EndProject
Project("{FAE04EC0-301F-11D3-BF4B-00C04F79EFBC}") = "ZicoreConnector.Test", "..\ZicoreConnector.Test\ZicoreConnector.Test.csproj", "{555B024E-0FA4-4836-BAEE-25BD64D0AAD0}"
EndProject
Global
	GlobalSection(SolutionConfigurationPlatforms) = preSolution
		Debug_Client|Any CPU = Debug_Client|Any CPU
		Debug|Any CPU = Debug|Any CPU
		Release|Any CPU = Release|Any CPU
	EndGlobalSection
	GlobalSection(ProjectConfigurationPlatforms) = postSolution
		{C0B5A170-E453-4F2C-8532-E0BEF831E586}.Debug_Client|Any CPU.ActiveCfg = Debug_Client|Any CPU
		{C0B5A170-E453-4F2C-8532-E0BEF831E586}.Debug_Client|Any CPU.Build.0 = Debug_Client|Any CPU
		{C0B5A170-E453-4F2C-8532-E0BEF831E586}.Debug|Any CPU.ActiveCfg = Debug|Any CPU
		{C0B5A170-E453-4F2C-8532-E0BEF831E586}.Debug|Any CPU.Build.0 = Debug|Any CPU
		{C0B5A170-E453-4F2C-8532-E0BEF831E586}.Release|Any CPU.ActiveCfg = Release|Any CPU
		{C0B5A170-E453-4F2C-8532-E0BEF831E586}.Release|Any CPU.Build.0 = Release|Any CPU
		{555B024E-0FA4-4836-BAEE-25BD64D0AAD0}.Debug_Client|Any CPU.ActiveCfg = Debug|Any CPU
		{555B024E-0FA4-4836-BAEE-25BD64D0AAD0}.Debug_Client|Any CPU.Build.0 = Debug|Any CPU
		{555B024E-0FA4-4836-BAEE-25BD64D0AAD0}.Debug|Any CPU.ActiveCfg = Debug|Any CPU
		{555B024E-0FA4-4836-BAEE-25BD64D0AAD0}.Debug|Any CPU.Build.0 = Debug|Any CPU
		{555B024E-0FA4-4836-BAEE-25BD64D0AAD0}.Release|Any CPU.ActiveCfg = Release|Any CPU
		{555B024E-0FA4-4836-BAEE-25BD64D0AAD0}.Release|Any CPU.Build.0 = Release|Any CPU
	EndGlobalSection
	GlobalSection(SolutionProperties) = preSolution
		HideSolutionNode = FALSE
	EndGlobalSection
EndGlobal
